
Microsoft Visual Studio Solution File, Format Version 12.00
# Visual Studio Version 17
VisualStudioVersion = 17.3.32825.248
MinimumVisualStudioVersion = 10.0.40219.1
Project("{FAE04EC0-301F-11D3-BF4B-00C04F79EFBC}") = "ArendatorTOP", "ArendatorTOP\ArendatorTOP.csproj", "{A97CBC05-3960-40D7-9A4C-AD7A917FB655}"
EndProject
Global
	GlobalSection(SolutionConfigurationPlatforms) = preSolution
		Debug|Any CPU = Debug|Any CPU
		Release|Any CPU = Release|Any CPU
	EndGlobalSection
	GlobalSection(ProjectConfigurationPlatforms) = postSolution
		{A97CBC05-3960-40D7-9A4C-AD7A917FB655}.Debug|Any CPU.ActiveCfg = Debug|Any CPU
		{A97CBC05-3960-40D7-9A4C-AD7A917FB655}.Debug|Any CPU.Build.0 = Debug|Any CPU
		{A97CBC05-3960-40D7-9A4C-AD7A917FB655}.Release|Any CPU.ActiveCfg = Release|Any CPU
		{A97CBC05-3960-40D7-9A4C-AD7A917FB655}.Release|Any CPU.Build.0 = Release|Any CPU
	EndGlobalSection
	GlobalSection(SolutionProperties) = preSolution
		HideSolutionNode = FALSE
	EndGlobalSection
	GlobalSection(ExtensibilityGlobals) = postSolution
		SolutionGuid = {8CBB94E8-CEF4-4369-9787-065A4EDF24ED}
	EndGlobalSection
EndGlobal
